
Microsoft Visual Studio Solution File, Format Version 12.00
# Visual Studio 15
Project("{FAE04EC0-301F-11D3-BF4B-00C04F79EFBC}") = "Assembly-CSharp", "Assembly-CSharp.csproj", "{288A71A3-4218-6AA0-0C63-4F776583CE2A}"
EndProject
Project("{FAE04EC0-301F-11D3-BF4B-00C04F79EFBC}") = "Assembly-CSharp-Editor", "Assembly-CSharp-Editor.csproj", "{2127065A-9840-9322-DBCC-728A112E964C}"
EndProject
Global
	GlobalSection(SolutionConfigurationPlatforms) = preSolution
		Debug|Any CPU = Debug|Any CPU
		Release|Any CPU = Release|Any CPU
	EndGlobalSection
	GlobalSection(ProjectConfigurationPlatforms) = postSolution
		{288A71A3-4218-6AA0-0C63-4F776583CE2A}.Debug|Any CPU.ActiveCfg = Debug|Any CPU
		{288A71A3-4218-6AA0-0C63-4F776583CE2A}.Debug|Any CPU.Build.0 = Debug|Any CPU
		{288A71A3-4218-6AA0-0C63-4F776583CE2A}.Release|Any CPU.ActiveCfg = Release|Any CPU
		{288A71A3-4218-6AA0-0C63-4F776583CE2A}.Release|Any CPU.Build.0 = Release|Any CPU
		{2127065A-9840-9322-DBCC-728A112E964C}.Debug|Any CPU.ActiveCfg = Debug|Any CPU
		{2127065A-9840-9322-DBCC-728A112E964C}.Debug|Any CPU.Build.0 = Debug|Any CPU
		{2127065A-9840-9322-DBCC-728A112E964C}.Release|Any CPU.ActiveCfg = Release|Any CPU
		{2127065A-9840-9322-DBCC-728A112E964C}.Release|Any CPU.Build.0 = Release|Any CPU
	EndGlobalSection
	GlobalSection(SolutionProperties) = preSolution
		HideSolutionNode = FALSE
	EndGlobalSection
EndGlobal
